
Microsoft Visual Studio Solution File, Format Version 12.00
# Visual Studio 2012
Project("{FAE04EC0-301F-11D3-BF4B-00C04F79EFBC}") = "Braces", "Braces\Braces.csproj", "{856BC944-9A83-4403-A88A-94C8D50A74EC}"
EndProject
Global
	GlobalSection(SolutionConfigurationPlatforms) = preSolution
		Debug|Any CPU = Debug|Any CPU
		Release|Any CPU = Release|Any CPU
	EndGlobalSection
	GlobalSection(ProjectConfigurationPlatforms) = postSolution
		{856BC944-9A83-4403-A88A-94C8D50A74EC}.Debug|Any CPU.ActiveCfg = Debug|Any CPU
		{856BC944-9A83-4403-A88A-94C8D50A74EC}.Debug|Any CPU.Build.0 = Debug|Any CPU
		{856BC944-9A83-4403-A88A-94C8D50A74EC}.Release|Any CPU.ActiveCfg = Release|Any CPU
		{856BC944-9A83-4403-A88A-94C8D50A74EC}.Release|Any CPU.Build.0 = Release|Any CPU
	EndGlobalSection
	GlobalSection(SolutionProperties) = preSolution
		HideSolutionNode = FALSE
	EndGlobalSection
EndGlobal
