
Microsoft Visual Studio Solution File, Format Version 12.00
# Visual Studio 2012
Project("{FAE04EC0-301F-11D3-BF4B-00C04F79EFBC}") = "MedianForTwoSortedArrays", "MedianForTwoSortedArrays\MedianForTwoSortedArrays.csproj", "{7073AFD9-B06A-4573-8A25-FAF60E8016EE}"
EndProject
Global
	GlobalSection(SolutionConfigurationPlatforms) = preSolution
		Debug|Any CPU = Debug|Any CPU
		Release|Any CPU = Release|Any CPU
	EndGlobalSection
	GlobalSection(ProjectConfigurationPlatforms) = postSolution
		{7073AFD9-B06A-4573-8A25-FAF60E8016EE}.Debug|Any CPU.ActiveCfg = Debug|Any CPU
		{7073AFD9-B06A-4573-8A25-FAF60E8016EE}.Debug|Any CPU.Build.0 = Debug|Any CPU
		{7073AFD9-B06A-4573-8A25-FAF60E8016EE}.Release|Any CPU.ActiveCfg = Release|Any CPU
		{7073AFD9-B06A-4573-8A25-FAF60E8016EE}.Release|Any CPU.Build.0 = Release|Any CPU
	EndGlobalSection
	GlobalSection(SolutionProperties) = preSolution
		HideSolutionNode = FALSE
	EndGlobalSection
EndGlobal
